
Microsoft Visual Studio Solution File, Format Version 12.00
# Visual Studio 15
VisualStudioVersion = 15.0.27428.2043
MinimumVisualStudioVersion = 10.0.40219.1
Project("{FAE04EC0-301F-11D3-BF4B-00C04F79EFBC}") = "SSIN", "SSIN\SSIN.csproj", "{DFCF7BCC-0436-40AC-90A3-CECD7407F754}"
EndProject
Project("{2150E333-8FDC-42A3-9474-1A3956D46DE8}") = "Solution Items", "Solution Items", "{10185C89-C8C4-4C6E-9B16-613001C4D36D}"
EndProject
Global
	GlobalSection(SolutionConfigurationPlatforms) = preSolution
		Debug|Any CPU = Debug|Any CPU
		Release|Any CPU = Release|Any CPU
	EndGlobalSection
	GlobalSection(ProjectConfigurationPlatforms) = postSolution
		{DFCF7BCC-0436-40AC-90A3-CECD7407F754}.Debug|Any CPU.ActiveCfg = Debug|Any CPU
		{DFCF7BCC-0436-40AC-90A3-CECD7407F754}.Debug|Any CPU.Build.0 = Debug|Any CPU
		{DFCF7BCC-0436-40AC-90A3-CECD7407F754}.Release|Any CPU.ActiveCfg = Release|Any CPU
		{DFCF7BCC-0436-40AC-90A3-CECD7407F754}.Release|Any CPU.Build.0 = Release|Any CPU
	EndGlobalSection
	GlobalSection(SolutionProperties) = preSolution
		HideSolutionNode = FALSE
	EndGlobalSection
	GlobalSection(ExtensibilityGlobals) = postSolution
		SolutionGuid = {B5CDD881-85E6-48A1-A43D-91226C104252}
	EndGlobalSection
EndGlobal
